
Microsoft Visual Studio Solution File, Format Version 12.00
# Visual Studio Version 17
VisualStudioVersion = 17.14.36221.1 d17.14
MinimumVisualStudioVersion = 10.0.40219.1
Project("{FAE04EC0-301F-11D3-BF4B-00C04F79EFBC}") = "WindowsFormsDemo", "WindowsFormsDemo\WindowsFormsDemo.csproj", "{5B208D5F-2C65-48F5-9273-545AE59FDE17}"
EndProject
Global
	GlobalSection(SolutionConfigurationPlatforms) = preSolution
		Debug|Any CPU = Debug|Any CPU
		Release|Any CPU = Release|Any CPU
	EndGlobalSection
	GlobalSection(ProjectConfigurationPlatforms) = postSolution
		{5B208D5F-2C65-48F5-9273-545AE59FDE17}.Debug|Any CPU.ActiveCfg = Debug|Any CPU
		{5B208D5F-2C65-48F5-9273-545AE59FDE17}.Debug|Any CPU.Build.0 = Debug|Any CPU
		{5B208D5F-2C65-48F5-9273-545AE59FDE17}.Release|Any CPU.ActiveCfg = Release|Any CPU
		{5B208D5F-2C65-48F5-9273-545AE59FDE17}.Release|Any CPU.Build.0 = Release|Any CPU
	EndGlobalSection
	GlobalSection(SolutionProperties) = preSolution
		HideSolutionNode = FALSE
	EndGlobalSection
	GlobalSection(ExtensibilityGlobals) = postSolution
		SolutionGuid = {8031959A-E2D3-4AA2-A9E6-9676C4BA3A31}
	EndGlobalSection
EndGlobal
